
Microsoft Visual Studio Solution File, Format Version 12.00
# Visual Studio Version 17
VisualStudioVersion = 17.3.32929.385
MinimumVisualStudioVersion = 10.0.40219.1
Project("{FAE04EC0-301F-11D3-BF4B-00C04F79EFBC}") = "CSharpSloper", "CSharpSloper\CSharpSloper.csproj", "{BB51CC9B-60A9-4D8B-8102-A281D343356C}"
EndProject
Global
	GlobalSection(SolutionConfigurationPlatforms) = preSolution
		Debug|Any CPU = Debug|Any CPU
		Release|Any CPU = Release|Any CPU
	EndGlobalSection
	GlobalSection(ProjectConfigurationPlatforms) = postSolution
		{BB51CC9B-60A9-4D8B-8102-A281D343356C}.Debug|Any CPU.ActiveCfg = Debug|Any CPU
		{BB51CC9B-60A9-4D8B-8102-A281D343356C}.Debug|Any CPU.Build.0 = Debug|Any CPU
		{BB51CC9B-60A9-4D8B-8102-A281D343356C}.Release|Any CPU.ActiveCfg = Release|Any CPU
		{BB51CC9B-60A9-4D8B-8102-A281D343356C}.Release|Any CPU.Build.0 = Release|Any CPU
	EndGlobalSection
	GlobalSection(SolutionProperties) = preSolution
		HideSolutionNode = FALSE
	EndGlobalSection
	GlobalSection(ExtensibilityGlobals) = postSolution
		SolutionGuid = {7D1834EF-8BE3-4EB0-B5AF-0D43E7B9692F}
	EndGlobalSection
EndGlobal
